
Microsoft Visual Studio Solution File, Format Version 12.00
# Visual Studio Version 17
VisualStudioVersion = 17.6.33801.468
MinimumVisualStudioVersion = 10.0.40219.1
Project("{2150E333-8FDC-42A3-9474-1A3956D46DE8}") = "src", "src", "{D70768B7-6799-450E-88C5-D093D4D6BBF4}"
EndProject
Project("{2150E333-8FDC-42A3-9474-1A3956D46DE8}") = "tests", "tests", "{6359BAE5-4C40-4FF4-9028-F8A3849D54DD}"
EndProject
Project("{9A19103F-16F7-4668-BE54-9A1E7A4F7556}") = "CalendarApi", "CalendarApi\CalendarApi.csproj", "{AD861AB0-B68D-4A26-B30A-C32E2A82124B}"
EndProject
Project("{FAE04EC0-301F-11D3-BF4B-00C04F79EFBC}") = "Calendar.Domain", "Calendar.Domain\Calendar.Domain.csproj", "{81DD5739-C8BA-468F-AD19-EBC479989F67}"
EndProject
Project("{FAE04EC0-301F-11D3-BF4B-00C04F79EFBC}") = "Calendar.Application", "Calendar.Application\Calendar.Application.csproj", "{B4DF3558-FA14-4D11-AAF2-DF3784A173E2}"
EndProject
Project("{FAE04EC0-301F-11D3-BF4B-00C04F79EFBC}") = "Calendar.Infrastructure", "Calendar.Infrastructure\Calendar.Infrastructure.csproj", "{E24430CE-93A9-4B56-B940-A56DCC41DCA4}"
EndProject
Global
	GlobalSection(SolutionConfigurationPlatforms) = preSolution
		Debug|Any CPU = Debug|Any CPU
		Release|Any CPU = Release|Any CPU
	EndGlobalSection
	GlobalSection(ProjectConfigurationPlatforms) = postSolution
		{AD861AB0-B68D-4A26-B30A-C32E2A82124B}.Debug|Any CPU.ActiveCfg = Debug|Any CPU
		{AD861AB0-B68D-4A26-B30A-C32E2A82124B}.Debug|Any CPU.Build.0 = Debug|Any CPU
		{AD861AB0-B68D-4A26-B30A-C32E2A82124B}.Release|Any CPU.ActiveCfg = Release|Any CPU
		{AD861AB0-B68D-4A26-B30A-C32E2A82124B}.Release|Any CPU.Build.0 = Release|Any CPU
		{81DD5739-C8BA-468F-AD19-EBC479989F67}.Debug|Any CPU.ActiveCfg = Debug|Any CPU
		{81DD5739-C8BA-468F-AD19-EBC479989F67}.Debug|Any CPU.Build.0 = Debug|Any CPU
		{81DD5739-C8BA-468F-AD19-EBC479989F67}.Release|Any CPU.ActiveCfg = Release|Any CPU
		{81DD5739-C8BA-468F-AD19-EBC479989F67}.Release|Any CPU.Build.0 = Release|Any CPU
		{B4DF3558-FA14-4D11-AAF2-DF3784A173E2}.Debug|Any CPU.ActiveCfg = Debug|Any CPU
		{B4DF3558-FA14-4D11-AAF2-DF3784A173E2}.Debug|Any CPU.Build.0 = Debug|Any CPU
		{B4DF3558-FA14-4D11-AAF2-DF3784A173E2}.Release|Any CPU.ActiveCfg = Release|Any CPU
		{B4DF3558-FA14-4D11-AAF2-DF3784A173E2}.Release|Any CPU.Build.0 = Release|Any CPU
		{E24430CE-93A9-4B56-B940-A56DCC41DCA4}.Debug|Any CPU.ActiveCfg = Debug|Any CPU
		{E24430CE-93A9-4B56-B940-A56DCC41DCA4}.Debug|Any CPU.Build.0 = Debug|Any CPU
		{E24430CE-93A9-4B56-B940-A56DCC41DCA4}.Release|Any CPU.ActiveCfg = Release|Any CPU
		{E24430CE-93A9-4B56-B940-A56DCC41DCA4}.Release|Any CPU.Build.0 = Release|Any CPU
	EndGlobalSection
	GlobalSection(SolutionProperties) = preSolution
		HideSolutionNode = FALSE
	EndGlobalSection
	GlobalSection(NestedProjects) = preSolution
		{AD861AB0-B68D-4A26-B30A-C32E2A82124B} = {D70768B7-6799-450E-88C5-D093D4D6BBF4}
		{81DD5739-C8BA-468F-AD19-EBC479989F67} = {D70768B7-6799-450E-88C5-D093D4D6BBF4}
		{B4DF3558-FA14-4D11-AAF2-DF3784A173E2} = {D70768B7-6799-450E-88C5-D093D4D6BBF4}
		{E24430CE-93A9-4B56-B940-A56DCC41DCA4} = {D70768B7-6799-450E-88C5-D093D4D6BBF4}
	EndGlobalSection
	GlobalSection(ExtensibilityGlobals) = postSolution
		SolutionGuid = {7FD42E8D-8F32-4DC5-A901-5A197E4EA1AE}
	EndGlobalSection
EndGlobal
